
Microsoft Visual Studio Solution File, Format Version 12.00
# Visual Studio Version 16
VisualStudioVersion = 16.0.32106.194
MinimumVisualStudioVersion = 10.0.40219.1
Project("{FAE04EC0-301F-11D3-BF4B-00C04F79EFBC}") = "CRUD", "CRUD\CRUD.csproj", "{DCDDE1B6-8DF1-4B42-A1FB-8EE8C5562EE7}"
EndProject
Global
	GlobalSection(SolutionConfigurationPlatforms) = preSolution
		Debug|Any CPU = Debug|Any CPU
		Release|Any CPU = Release|Any CPU
	EndGlobalSection
	GlobalSection(ProjectConfigurationPlatforms) = postSolution
		{DCDDE1B6-8DF1-4B42-A1FB-8EE8C5562EE7}.Debug|Any CPU.ActiveCfg = Debug|Any CPU
		{DCDDE1B6-8DF1-4B42-A1FB-8EE8C5562EE7}.Debug|Any CPU.Build.0 = Debug|Any CPU
		{DCDDE1B6-8DF1-4B42-A1FB-8EE8C5562EE7}.Release|Any CPU.ActiveCfg = Release|Any CPU
		{DCDDE1B6-8DF1-4B42-A1FB-8EE8C5562EE7}.Release|Any CPU.Build.0 = Release|Any CPU
	EndGlobalSection
	GlobalSection(SolutionProperties) = preSolution
		HideSolutionNode = FALSE
	EndGlobalSection
	GlobalSection(ExtensibilityGlobals) = postSolution
		SolutionGuid = {708C5F19-548A-423E-8E55-870C47672923}
	EndGlobalSection
EndGlobal
